
Microsoft Visual Studio Solution File, Format Version 12.00
# Visual Studio Version 16
VisualStudioVersion = 16.0.29709.97
MinimumVisualStudioVersion = 10.0.40219.1
Project("{FAE04EC0-301F-11D3-BF4B-00C04F79EFBC}") = "ClothesForHands2", "ClothesForHands2\ClothesForHands2.csproj", "{52CBA26B-C28C-4A2C-8D86-B46CAC240427}"
EndProject
Global
	GlobalSection(SolutionConfigurationPlatforms) = preSolution
		Debug|Any CPU = Debug|Any CPU
		Release|Any CPU = Release|Any CPU
	EndGlobalSection
	GlobalSection(ProjectConfigurationPlatforms) = postSolution
		{52CBA26B-C28C-4A2C-8D86-B46CAC240427}.Debug|Any CPU.ActiveCfg = Debug|Any CPU
		{52CBA26B-C28C-4A2C-8D86-B46CAC240427}.Debug|Any CPU.Build.0 = Debug|Any CPU
		{52CBA26B-C28C-4A2C-8D86-B46CAC240427}.Release|Any CPU.ActiveCfg = Release|Any CPU
		{52CBA26B-C28C-4A2C-8D86-B46CAC240427}.Release|Any CPU.Build.0 = Release|Any CPU
	EndGlobalSection
	GlobalSection(SolutionProperties) = preSolution
		HideSolutionNode = FALSE
	EndGlobalSection
	GlobalSection(ExtensibilityGlobals) = postSolution
		SolutionGuid = {EBD8CEA5-4203-4109-B97A-9B541E30AA4A}
	EndGlobalSection
EndGlobal
